{
  "version": "4",
  "specifiers": {
    "npm:pyodide@0.26.4": "0.26.4"
  },
  "npm": {
    "pyodide@0.26.4": {
      "integrity": "sha512-z2CHsjVlhhJi5tYBF0AYAfNEPo3zq/z+xOpFtk1tweJkRaTqU4UK/7pLvo8DBU2VDPH31vB3pSI+8fnoqrVrFg==",
      "dependencies": [
        "ws"
      ]
    },
    "ws@8.21.3": {
      "integrity": "sha512-201TZ/kPWxoPr/OKWjquZR1SWKXcvxdH+e1xrx89b3YbmzLMFCLfnaG1HFIgWzJOEWZ7MvpK++odZufgYR50Rw=="
    }
  }
}
